
Microsoft Visual Studio Solution File, Format Version 12.00
# Visual Studio Version 17
VisualStudioVersion = 17.8.34322.80
MinimumVisualStudioVersion = 10.0.40219.1
Project("{9A19103F-16F7-4668-BE54-9A1E7A4F7556}") = "Lubricentro25", "Lubricentro25\Lubricentro25.csproj", "{BAD98DA7-D651-43AE-AD06-41AE21D80C06}"
EndProject
Global
	GlobalSection(SolutionConfigurationPlatforms) = preSolution
		Debug|Any CPU = Debug|Any CPU
		Debug|x64 = Debug|x64
		Release|Any CPU = Release|Any CPU
		Release|x64 = Release|x64
	EndGlobalSection
	GlobalSection(ProjectConfigurationPlatforms) = postSolution
		{BAD98DA7-D651-43AE-AD06-41AE21D80C06}.Debug|Any CPU.ActiveCfg = Debug|Any CPU
		{BAD98DA7-D651-43AE-AD06-41AE21D80C06}.Debug|Any CPU.Build.0 = Debug|Any CPU
		{BAD98DA7-D651-43AE-AD06-41AE21D80C06}.Debug|Any CPU.Deploy.0 = Debug|Any CPU
		{BAD98DA7-D651-43AE-AD06-41AE21D80C06}.Debug|x64.ActiveCfg = Debug|Any CPU
		{BAD98DA7-D651-43AE-AD06-41AE21D80C06}.Release|Any CPU.ActiveCfg = Release|Any CPU
		{BAD98DA7-D651-43AE-AD06-41AE21D80C06}.Release|Any CPU.Build.0 = Release|Any CPU
		{BAD98DA7-D651-43AE-AD06-41AE21D80C06}.Release|Any CPU.Deploy.0 = Release|Any CPU
		{BAD98DA7-D651-43AE-AD06-41AE21D80C06}.Release|x64.ActiveCfg = Release|Any CPU
	EndGlobalSection
	GlobalSection(SolutionProperties) = preSolution
		HideSolutionNode = FALSE
	EndGlobalSection
	GlobalSection(ExtensibilityGlobals) = postSolution
		SolutionGuid = {33BE5427-47A3-4346-8D37-103B236E2577}
	EndGlobalSection
EndGlobal
